
Microsoft Visual Studio Solution File, Format Version 12.00
# Visual Studio Version 17
VisualStudioVersion = 17.3.32825.248
MinimumVisualStudioVersion = 10.0.40219.1
Project("{FAE04EC0-301F-11D3-BF4B-00C04F79EFBC}") = "Masons4Gewinnt", "Masons4Gewinnt\Masons4Gewinnt.csproj", "{7120B7B0-71BA-42D0-AD99-21DCABF9E22B}"
EndProject
Global
	GlobalSection(SolutionConfigurationPlatforms) = preSolution
		Debug|Any CPU = Debug|Any CPU
		Release|Any CPU = Release|Any CPU
	EndGlobalSection
	GlobalSection(ProjectConfigurationPlatforms) = postSolution
		{7120B7B0-71BA-42D0-AD99-21DCABF9E22B}.Debug|Any CPU.ActiveCfg = Debug|Any CPU
		{7120B7B0-71BA-42D0-AD99-21DCABF9E22B}.Debug|Any CPU.Build.0 = Debug|Any CPU
		{7120B7B0-71BA-42D0-AD99-21DCABF9E22B}.Release|Any CPU.ActiveCfg = Release|Any CPU
		{7120B7B0-71BA-42D0-AD99-21DCABF9E22B}.Release|Any CPU.Build.0 = Release|Any CPU
	EndGlobalSection
	GlobalSection(SolutionProperties) = preSolution
		HideSolutionNode = FALSE
	EndGlobalSection
	GlobalSection(ExtensibilityGlobals) = postSolution
		SolutionGuid = {4C6D6A43-2831-492F-A8BE-CA8C922E88E0}
	EndGlobalSection
EndGlobal
